// !$*UTF8*$!
{
	archiveVersion = 1;
	classes = {
	};
	objectVersion = 56;
	objects = {

/* Begin PBXBuildFile section */
		AB1669312C5F035B0048A993 /* CalendarStrip.swift in Sources */ = {isa = PBXBuildFile; fileRef = AB1669302C5F035B0048A993 /* CalendarStrip.swift */; };
		AB1669332C5F03870048A993 /* SpendView.swift in Sources */ = {isa = PBXBuildFile; fileRef = AB1669322C5F03870048A993 /* SpendView.swift */; };
		AB2BE5B12C72CF3800578B18 /* BucketVIew.swift in Sources */ = {isa = PBXBuildFile; fileRef = AB2BE5B02C72CF3800578B18 /* BucketVIew.swift */; };
		AB2BE5B32C72E7BD00578B18 /* EditBucketView.swift in Sources */ = {isa = PBXBuildFile; fileRef = AB2BE5B22C72E7BD00578B18 /* EditBucketView.swift */; };
		AB2D2B952BFC4E5200F03DFD /* TrickleApp.swift in Sources */ = {isa = PBXBuildFile; fileRef = AB2D2B942BFC4E5200F03DFD /* TrickleApp.swift */; };
		AB2D2B972BFC4E5200F03DFD /* ContentView.swift in Sources */ = {isa = PBXBuildFile; fileRef = AB2D2B962BFC4E5200F03DFD /* ContentView.swift */; };
		AB2D2B992BFC4E5300F03DFD /* Assets.xcassets in Resources */ = {isa = PBXBuildFile; fileRef = AB2D2B982BFC4E5300F03DFD /* Assets.xcassets */; };
		AB2D2B9C2BFC4E5300F03DFD /* Preview Assets.xcassets in Resources */ = {isa = PBXBuildFile; fileRef = AB2D2B9B2BFC4E5300F03DFD /* Preview Assets.xcassets */; };
		AB2D2BA62BFC4E5400F03DFD /* TrickleTests.swift in Sources */ = {isa = PBXBuildFile; fileRef = AB2D2BA52BFC4E5400F03DFD /* TrickleTests.swift */; };
		AB72A2162CA0FC4300693D37 /* Tutorial.swift in Sources */ = {isa = PBXBuildFile; fileRef = AB72A2152CA0FC2D00693D37 /* Tutorial.swift */; };
		AB72A2202CA1132500693D37 /* PlayerController.swift in Sources */ = {isa = PBXBuildFile; fileRef = AB72A21B2CA1132500693D37 /* PlayerController.swift */; };
		AB72A2212CA1132500693D37 /* VideoPlayer.swift in Sources */ = {isa = PBXBuildFile; fileRef = AB72A21D2CA1132500693D37 /* VideoPlayer.swift */; };
		AB72A2242CA1135000693D37 /* PlayerView.swift in Sources */ = {isa = PBXBuildFile; fileRef = AB72A2232CA1135000693D37 /* PlayerView.swift */; };
		AB72A2272CA12DB000693D37 /* add-home-screen-widget.mp4 in Resources */ = {isa = PBXBuildFile; fileRef = AB72A2262CA12DB000693D37 /* add-home-screen-widget.mp4 */; };
		AB72A2312CA13B7000693D37 /* add-lock-screen-widget.mp4 in Resources */ = {isa = PBXBuildFile; fileRef = AB72A2302CA13B7000693D37 /* add-lock-screen-widget.mp4 */; };
		AB78A47C2C39CBC0007C4787 /* WidgetKit.framework in Frameworks */ = {isa = PBXBuildFile; fileRef = AB78A47B2C39CBC0007C4787 /* WidgetKit.framework */; };
		AB78A47E2C39CBC0007C4787 /* SwiftUI.framework in Frameworks */ = {isa = PBXBuildFile; fileRef = AB78A47D2C39CBC0007C4787 /* SwiftUI.framework */; };
		AB78A4812C39CBC0007C4787 /* TrickleWidgetBundle.swift in Sources */ = {isa = PBXBuildFile; fileRef = AB78A4802C39CBC0007C4787 /* TrickleWidgetBundle.swift */; };
		AB78A4852C39CBC0007C4787 /* TrickleWidget.swift in Sources */ = {isa = PBXBuildFile; fileRef = AB78A4842C39CBC0007C4787 /* TrickleWidget.swift */; };
		AB78A4892C39CBC2007C4787 /* Assets.xcassets in Resources */ = {isa = PBXBuildFile; fileRef = AB78A4882C39CBC2007C4787 /* Assets.xcassets */; };
		AB78A48D2C39CBC2007C4787 /* TrickleWidgetExtension.appex in Embed Foundation Extensions */ = {isa = PBXBuildFile; fileRef = AB78A4792C39CBC0007C4787 /* TrickleWidgetExtension.appex */; settings = {ATTRIBUTES = (RemoveHeadersOnCopy, ); }; };
		AB78A4952C445787007C4787 /* Models.swift in Sources */ = {isa = PBXBuildFile; fileRef = AB78A4942C445787007C4787 /* Models.swift */; };
		AB78A4962C445888007C4787 /* Models.swift in Sources */ = {isa = PBXBuildFile; fileRef = AB78A4942C445787007C4787 /* Models.swift */; };
		AB78A4C22C5DD5A3007C4787 /* AddApplePayTransactionShortcutExtension.swift in Sources */ = {isa = PBXBuildFile; fileRef = AB78A4C12C5DD5A3007C4787 /* AddApplePayTransactionShortcutExtension.swift */; };
		AB78A4C42C5DD5A3007C4787 /* AddApplePayTransactionShortcut.swift in Sources */ = {isa = PBXBuildFile; fileRef = AB78A4C32C5DD5A3007C4787 /* AddApplePayTransactionShortcut.swift */; };
		AB78A4C82C5DD5A3007C4787 /* AddApplePayTransactionShortcut.appex in Embed ExtensionKit Extensions */ = {isa = PBXBuildFile; fileRef = AB78A4BF2C5DD5A3007C4787 /* AddApplePayTransactionShortcut.appex */; settings = {ATTRIBUTES = (RemoveHeadersOnCopy, ); }; };
		AB78A4CD2C5DDC55007C4787 /* Models.swift in Sources */ = {isa = PBXBuildFile; fileRef = AB78A4942C445787007C4787 /* Models.swift */; };
		AB78A4CE2C5DE170007C4787 /* WidgetKit.framework in Frameworks */ = {isa = PBXBuildFile; fileRef = AB78A47B2C39CBC0007C4787 /* WidgetKit.framework */; };
		AB78A4D02C5DF9DB007C4787 /* SwiftUI.framework in Frameworks */ = {isa = PBXBuildFile; fileRef = AB78A47D2C39CBC0007C4787 /* SwiftUI.framework */; };
		AB7B79262C6011FA003647EF /* Expression.swift in Sources */ = {isa = PBXBuildFile; fileRef = AB7B79252C6011FA003647EF /* Expression.swift */; };
		AB7B79282C602FFB003647EF /* Intro.swift in Sources */ = {isa = PBXBuildFile; fileRef = AB7B79272C602FFB003647EF /* Intro.swift */; };
		ABAAAC492C6483C4008EB27B /* CircularBalanceView.swift in Sources */ = {isa = PBXBuildFile; fileRef = ABAAAC482C6483C4008EB27B /* CircularBalanceView.swift */; };
		ABB0D9D02C8A4CA100C23C0D /* BudgetAllocationView.swift in Sources */ = {isa = PBXBuildFile; fileRef = ABB0D9CF2C8A4CA100C23C0D /* BudgetAllocationView.swift */; };
		ABB5252F2C62B98E00A52574 /* Oklab in Frameworks */ = {isa = PBXBuildFile; productRef = ABB5252E2C62B98E00A52574 /* Oklab */; };
		ABB525312C62B99700A52574 /* Oklab in Frameworks */ = {isa = PBXBuildFile; productRef = ABB525302C62B99700A52574 /* Oklab */; };
		ABB525332C62B99C00A52574 /* Oklab in Frameworks */ = {isa = PBXBuildFile; productRef = ABB525322C62B99C00A52574 /* Oklab */; };
		ABBF52A02C68A4860076329D /* Utils.swift in Sources */ = {isa = PBXBuildFile; fileRef = ABBF529F2C68A4860076329D /* Utils.swift */; };
		ABBF52A12C68A4860076329D /* Utils.swift in Sources */ = {isa = PBXBuildFile; fileRef = ABBF529F2C68A4860076329D /* Utils.swift */; };
		ABBF52A22C68A4860076329D /* Utils.swift in Sources */ = {isa = PBXBuildFile; fileRef = ABBF529F2C68A4860076329D /* Utils.swift */; };
		ABBF52A32C68A4860076329D /* Utils.swift in Sources */ = {isa = PBXBuildFile; fileRef = ABBF529F2C68A4860076329D /* Utils.swift */; };
		ABBF52A52C68ADBD0076329D /* BucketTests.swift in Sources */ = {isa = PBXBuildFile; fileRef = ABBF52A42C68ADBD0076329D /* BucketTests.swift */; };
		ABD497652C6484BF00707842 /* TrickleBackground.swift in Sources */ = {isa = PBXBuildFile; fileRef = ABD497642C6484BF00707842 /* TrickleBackground.swift */; };
		ABD497672C6484E400707842 /* TrickleForeground.swift in Sources */ = {isa = PBXBuildFile; fileRef = ABD497662C6484E400707842 /* TrickleForeground.swift */; };
		ABD497692C64870900707842 /* SettingsView.swift in Sources */ = {isa = PBXBuildFile; fileRef = ABD497682C64870900707842 /* SettingsView.swift */; };
		ABD497722C649D9500707842 /* CustomTFKeyboard.swift in Sources */ = {isa = PBXBuildFile; fileRef = ABD497712C649D9400707842 /* CustomTFKeyboard.swift */; };
		ABD497742C64AF6F00707842 /* CalculatorKeyboard.swift in Sources */ = {isa = PBXBuildFile; fileRef = ABD497732C64AF6F00707842 /* CalculatorKeyboard.swift */; };
/* End PBXBuildFile section */

/* Begin PBXContainerItemProxy section */
		AB2D2BA22BFC4E5400F03DFD /* PBXContainerItemProxy */ = {
			isa = PBXContainerItemProxy;
			containerPortal = AB2D2B892BFC4E5200F03DFD /* Project object */;
			proxyType = 1;
			remoteGlobalIDString = AB2D2B902BFC4E5200F03DFD;
			remoteInfo = Trickle;
		};
		AB78A48B2C39CBC2007C4787 /* PBXContainerItemProxy */ = {
			isa = PBXContainerItemProxy;
			containerPortal = AB2D2B892BFC4E5200F03DFD /* Project object */;
			proxyType = 1;
			remoteGlobalIDString = AB78A4782C39CBC0007C4787;
			remoteInfo = TrickleWidgetExtension;
		};
		AB78A4C62C5DD5A3007C4787 /* PBXContainerItemProxy */ = {
			isa = PBXContainerItemProxy;
			containerPortal = AB2D2B892BFC4E5200F03DFD /* Project object */;
			proxyType = 1;
			remoteGlobalIDString = AB78A4BE2C5DD5A3007C4787;
			remoteInfo = AddApplePayTransactionShortcut;
		};
/* End PBXContainerItemProxy section */

/* Begin PBXCopyFilesBuildPhase section */
		AB78A4912C39CBC2007C4787 /* Embed Foundation Extensions */ = {
			isa = PBXCopyFilesBuildPhase;
			buildActionMask = 2147483647;
			dstPath = "";
			dstSubfolderSpec = 13;
			files = (
				AB78A48D2C39CBC2007C4787 /* TrickleWidgetExtension.appex in Embed Foundation Extensions */,
			);
			name = "Embed Foundation Extensions";
			runOnlyForDeploymentPostprocessing = 0;
		};
		AB78A4C92C5DD5A3007C4787 /* Embed ExtensionKit Extensions */ = {
			isa = PBXCopyFilesBuildPhase;
			buildActionMask = 2147483647;
			dstPath = "$(EXTENSIONS_FOLDER_PATH)";
			dstSubfolderSpec = 16;
			files = (
				AB78A4C82C5DD5A3007C4787 /* AddApplePayTransactionShortcut.appex in Embed ExtensionKit Extensions */,
			);
			name = "Embed ExtensionKit Extensions";
			runOnlyForDeploymentPostprocessing = 0;
		};
/* End PBXCopyFilesBuildPhase section */

/* Begin PBXFileReference section */
		AB1669302C5F035B0048A993 /* CalendarStrip.swift */ = {isa = PBXFileReference; lastKnownFileType = sourcecode.swift; path = CalendarStrip.swift; sourceTree = "<group>"; };
		AB1669322C5F03870048A993 /* SpendView.swift */ = {isa = PBXFileReference; lastKnownFileType = sourcecode.swift; path = SpendView.swift; sourceTree = "<group>"; };
		AB2BE5B02C72CF3800578B18 /* BucketVIew.swift */ = {isa = PBXFileReference; lastKnownFileType = sourcecode.swift; path = BucketVIew.swift; sourceTree = "<group>"; };
		AB2BE5B22C72E7BD00578B18 /* EditBucketView.swift */ = {isa = PBXFileReference; lastKnownFileType = sourcecode.swift; path = EditBucketView.swift; sourceTree = "<group>"; };
		AB2D2B912BFC4E5200F03DFD /* Trickle.app */ = {isa = PBXFileReference; explicitFileType = wrapper.application; includeInIndex = 0; path = Trickle.app; sourceTree = BUILT_PRODUCTS_DIR; };
		AB2D2B942BFC4E5200F03DFD /* TrickleApp.swift */ = {isa = PBXFileReference; lastKnownFileType = sourcecode.swift; path = TrickleApp.swift; sourceTree = "<group>"; };
		AB2D2B962BFC4E5200F03DFD /* ContentView.swift */ = {isa = PBXFileReference; lastKnownFileType = sourcecode.swift; path = ContentView.swift; sourceTree = "<group>"; };
		AB2D2B982BFC4E5300F03DFD /* Assets.xcassets */ = {isa = PBXFileReference; lastKnownFileType = folder.assetcatalog; path = Assets.xcassets; sourceTree = "<group>"; };
		AB2D2B9B2BFC4E5300F03DFD /* Preview Assets.xcassets */ = {isa = PBXFileReference; lastKnownFileType = folder.assetcatalog; path = "Preview Assets.xcassets"; sourceTree = "<group>"; };
		AB2D2BA12BFC4E5400F03DFD /* TrickleTests.xctest */ = {isa = PBXFileReference; explicitFileType = wrapper.cfbundle; includeInIndex = 0; path = TrickleTests.xctest; sourceTree = BUILT_PRODUCTS_DIR; };
		AB2D2BA52BFC4E5400F03DFD /* TrickleTests.swift */ = {isa = PBXFileReference; lastKnownFileType = sourcecode.swift; path = TrickleTests.swift; sourceTree = "<group>"; };
		AB72A2152CA0FC2D00693D37 /* Tutorial.swift */ = {isa = PBXFileReference; lastKnownFileType = sourcecode.swift; path = Tutorial.swift; sourceTree = "<group>"; };
		AB72A2172CA0FEC500693D37 /* Info.plist */ = {isa = PBXFileReference; lastKnownFileType = text.plist; path = Info.plist; sourceTree = "<group>"; };
		AB72A21B2CA1132500693D37 /* PlayerController.swift */ = {isa = PBXFileReference; lastKnownFileType = sourcecode.swift; path = PlayerController.swift; sourceTree = "<group>"; };
		AB72A21D2CA1132500693D37 /* VideoPlayer.swift */ = {isa = PBXFileReference; lastKnownFileType = sourcecode.swift; path = VideoPlayer.swift; sourceTree = "<group>"; };
		AB72A2232CA1135000693D37 /* PlayerView.swift */ = {isa = PBXFileReference; lastKnownFileType = sourcecode.swift; path = PlayerView.swift; sourceTree = "<group>"; };
		AB72A2262CA12DB000693D37 /* add-home-screen-widget.mp4 */ = {isa = PBXFileReference; lastKnownFileType = file; path = "add-home-screen-widget.mp4"; sourceTree = "<group>"; };
		AB72A2302CA13B7000693D37 /* add-lock-screen-widget.mp4 */ = {isa = PBXFileReference; lastKnownFileType = file; path = "add-lock-screen-widget.mp4"; sourceTree = "<group>"; };
		AB78A4792C39CBC0007C4787 /* TrickleWidgetExtension.appex */ = {isa = PBXFileReference; explicitFileType = "wrapper.app-extension"; includeInIndex = 0; path = TrickleWidgetExtension.appex; sourceTree = BUILT_PRODUCTS_DIR; };
		AB78A47B2C39CBC0007C4787 /* WidgetKit.framework */ = {isa = PBXFileReference; lastKnownFileType = wrapper.framework; name = WidgetKit.framework; path = System/Library/Frameworks/WidgetKit.framework; sourceTree = SDKROOT; };
		AB78A47D2C39CBC0007C4787 /* SwiftUI.framework */ = {isa = PBXFileReference; lastKnownFileType = wrapper.framework; name = SwiftUI.framework; path = System/Library/Frameworks/SwiftUI.framework; sourceTree = SDKROOT; };
		AB78A4802C39CBC0007C4787 /* TrickleWidgetBundle.swift */ = {isa = PBXFileReference; lastKnownFileType = sourcecode.swift; path = TrickleWidgetBundle.swift; sourceTree = "<group>"; };
		AB78A4842C39CBC0007C4787 /* TrickleWidget.swift */ = {isa = PBXFileReference; lastKnownFileType = sourcecode.swift; path = TrickleWidget.swift; sourceTree = "<group>"; };
		AB78A4882C39CBC2007C4787 /* Assets.xcassets */ = {isa = PBXFileReference; lastKnownFileType = folder.assetcatalog; path = Assets.xcassets; sourceTree = "<group>"; };
		AB78A48A2C39CBC2007C4787 /* Info.plist */ = {isa = PBXFileReference; lastKnownFileType = text.plist.xml; path = Info.plist; sourceTree = "<group>"; };
		AB78A4922C39D66A007C4787 /* Trickle.entitlements */ = {isa = PBXFileReference; lastKnownFileType = text.plist.entitlements; path = Trickle.entitlements; sourceTree = "<group>"; };
		AB78A4932C39D68D007C4787 /* TrickleWidgetExtension.entitlements */ = {isa = PBXFileReference; lastKnownFileType = text.plist.entitlements; path = TrickleWidgetExtension.entitlements; sourceTree = "<group>"; };
		AB78A4942C445787007C4787 /* Models.swift */ = {isa = PBXFileReference; lastKnownFileType = sourcecode.swift; path = Models.swift; sourceTree = "<group>"; };
		AB78A4BF2C5DD5A3007C4787 /* AddApplePayTransactionShortcut.appex */ = {isa = PBXFileReference; explicitFileType = "wrapper.extensionkit-extension"; includeInIndex = 0; path = AddApplePayTransactionShortcut.appex; sourceTree = BUILT_PRODUCTS_DIR; };
		AB78A4C12C5DD5A3007C4787 /* AddApplePayTransactionShortcutExtension.swift */ = {isa = PBXFileReference; lastKnownFileType = sourcecode.swift; path = AddApplePayTransactionShortcutExtension.swift; sourceTree = "<group>"; };
		AB78A4C32C5DD5A3007C4787 /* AddApplePayTransactionShortcut.swift */ = {isa = PBXFileReference; lastKnownFileType = sourcecode.swift; path = AddApplePayTransactionShortcut.swift; sourceTree = "<group>"; };
		AB78A4C52C5DD5A3007C4787 /* Info.plist */ = {isa = PBXFileReference; lastKnownFileType = text.plist.xml; path = Info.plist; sourceTree = "<group>"; };
		AB78A4CF2C5DE33F007C4787 /* AddApplePayTransactionShortcut.entitlements */ = {isa = PBXFileReference; lastKnownFileType = text.plist.entitlements; path = AddApplePayTransactionShortcut.entitlements; sourceTree = "<group>"; };
		AB7B79252C6011FA003647EF /* Expression.swift */ = {isa = PBXFileReference; lastKnownFileType = sourcecode.swift; path = Expression.swift; sourceTree = "<group>"; };
		AB7B79272C602FFB003647EF /* Intro.swift */ = {isa = PBXFileReference; lastKnownFileType = sourcecode.swift; path = Intro.swift; sourceTree = "<group>"; };
		ABAAAC482C6483C4008EB27B /* CircularBalanceView.swift */ = {isa = PBXFileReference; lastKnownFileType = sourcecode.swift; path = CircularBalanceView.swift; sourceTree = "<group>"; };
		ABB0D9CF2C8A4CA100C23C0D /* BudgetAllocationView.swift */ = {isa = PBXFileReference; lastKnownFileType = sourcecode.swift; path = BudgetAllocationView.swift; sourceTree = "<group>"; };
		ABBF529F2C68A4860076329D /* Utils.swift */ = {isa = PBXFileReference; lastKnownFileType = sourcecode.swift; path = Utils.swift; sourceTree = "<group>"; };
		ABBF52A42C68ADBD0076329D /* BucketTests.swift */ = {isa = PBXFileReference; lastKnownFileType = sourcecode.swift; path = BucketTests.swift; sourceTree = "<group>"; };
		ABD497642C6484BF00707842 /* TrickleBackground.swift */ = {isa = PBXFileReference; lastKnownFileType = sourcecode.swift; path = TrickleBackground.swift; sourceTree = "<group>"; };
		ABD497662C6484E400707842 /* TrickleForeground.swift */ = {isa = PBXFileReference; lastKnownFileType = sourcecode.swift; path = TrickleForeground.swift; sourceTree = "<group>"; };
		ABD497682C64870900707842 /* SettingsView.swift */ = {isa = PBXFileReference; lastKnownFileType = sourcecode.swift; path = SettingsView.swift; sourceTree = "<group>"; };
		ABD497712C649D9400707842 /* CustomTFKeyboard.swift */ = {isa = PBXFileReference; lastKnownFileType = sourcecode.swift; path = CustomTFKeyboard.swift; sourceTree = "<group>"; };
		ABD497732C64AF6F00707842 /* CalculatorKeyboard.swift */ = {isa = PBXFileReference; lastKnownFileType = sourcecode.swift; path = CalculatorKeyboard.swift; sourceTree = "<group>"; };
/* End PBXFileReference section */

/* Begin PBXFrameworksBuildPhase section */
		AB2D2B8E2BFC4E5200F03DFD /* Frameworks */ = {
			isa = PBXFrameworksBuildPhase;
			buildActionMask = 2147483647;
			files = (
				ABB5252F2C62B98E00A52574 /* Oklab in Frameworks */,
			);
			runOnlyForDeploymentPostprocessing = 0;
		};
		AB2D2B9E2BFC4E5400F03DFD /* Frameworks */ = {
			isa = PBXFrameworksBuildPhase;
			buildActionMask = 2147483647;
			files = (
			);
			runOnlyForDeploymentPostprocessing = 0;
		};
		AB78A4762C39CBC0007C4787 /* Frameworks */ = {
			isa = PBXFrameworksBuildPhase;
			buildActionMask = 2147483647;
			files = (
				ABB525312C62B99700A52574 /* Oklab in Frameworks */,
				AB78A47E2C39CBC0007C4787 /* SwiftUI.framework in Frameworks */,
				AB78A47C2C39CBC0007C4787 /* WidgetKit.framework in Frameworks */,
			);
			runOnlyForDeploymentPostprocessing = 0;
		};
		AB78A4BC2C5DD5A3007C4787 /* Frameworks */ = {
			isa = PBXFrameworksBuildPhase;
			buildActionMask = 2147483647;
			files = (
				ABB525332C62B99C00A52574 /* Oklab in Frameworks */,
				AB78A4D02C5DF9DB007C4787 /* SwiftUI.framework in Frameworks */,
				AB78A4CE2C5DE170007C4787 /* WidgetKit.framework in Frameworks */,
			);
			runOnlyForDeploymentPostprocessing = 0;
		};
/* End PBXFrameworksBuildPhase section */

/* Begin PBXGroup section */
		AB2D2B882BFC4E5200F03DFD = {
			isa = PBXGroup;
			children = (
				AB78A4932C39D68D007C4787 /* TrickleWidgetExtension.entitlements */,
				AB2D2B932BFC4E5200F03DFD /* Trickle */,
				AB2D2BA42BFC4E5400F03DFD /* TrickleTests */,
				AB78A47F2C39CBC0007C4787 /* TrickleWidget */,
				AB78A4C02C5DD5A3007C4787 /* AddApplePayTransactionShortcut */,
				AB78A47A2C39CBC0007C4787 /* Frameworks */,
				AB2D2B922BFC4E5200F03DFD /* Products */,
			);
			sourceTree = "<group>";
		};
		AB2D2B922BFC4E5200F03DFD /* Products */ = {
			isa = PBXGroup;
			children = (
				AB2D2B912BFC4E5200F03DFD /* Trickle.app */,
				AB2D2BA12BFC4E5400F03DFD /* TrickleTests.xctest */,
				AB78A4792C39CBC0007C4787 /* TrickleWidgetExtension.appex */,
				AB78A4BF2C5DD5A3007C4787 /* AddApplePayTransactionShortcut.appex */,
			);
			name = Products;
			sourceTree = "<group>";
		};
		AB2D2B932BFC4E5200F03DFD /* Trickle */ = {
			isa = PBXGroup;
			children = (
				AB72A2172CA0FEC500693D37 /* Info.plist */,
				AB72A2152CA0FC2D00693D37 /* Tutorial.swift */,
				AB72A2262CA12DB000693D37 /* add-home-screen-widget.mp4 */,
				AB72A2302CA13B7000693D37 /* add-lock-screen-widget.mp4 */,
				ABD4976E2C649BB300707842 /* CalculatorKeyboard */,
				AB78A4922C39D66A007C4787 /* Trickle.entitlements */,
				AB2D2B942BFC4E5200F03DFD /* TrickleApp.swift */,
				AB72A21F2CA1132500693D37 /* VideoPlayer */,
				AB2D2B962BFC4E5200F03DFD /* ContentView.swift */,
				AB78A4942C445787007C4787 /* Models.swift */,
				AB2D2B982BFC4E5300F03DFD /* Assets.xcassets */,
				AB2D2B9A2BFC4E5300F03DFD /* Preview Content */,
				AB1669302C5F035B0048A993 /* CalendarStrip.swift */,
				AB1669322C5F03870048A993 /* SpendView.swift */,
				AB7B79252C6011FA003647EF /* Expression.swift */,
				AB7B79272C602FFB003647EF /* Intro.swift */,
				ABAAAC482C6483C4008EB27B /* CircularBalanceView.swift */,
				ABD497642C6484BF00707842 /* TrickleBackground.swift */,
				ABD497662C6484E400707842 /* TrickleForeground.swift */,
				ABD497682C64870900707842 /* SettingsView.swift */,
				ABBF529F2C68A4860076329D /* Utils.swift */,
				AB2BE5B02C72CF3800578B18 /* BucketVIew.swift */,
				AB2BE5B22C72E7BD00578B18 /* EditBucketView.swift */,
				ABB0D9CF2C8A4CA100C23C0D /* BudgetAllocationView.swift */,
			);
			path = Trickle;
			sourceTree = "<group>";
		};
		AB2D2B9A2BFC4E5300F03DFD /* Preview Content */ = {
			isa = PBXGroup;
			children = (
				AB2D2B9B2BFC4E5300F03DFD /* Preview Assets.xcassets */,
			);
			path = "Preview Content";
			sourceTree = "<group>";
		};
		AB2D2BA42BFC4E5400F03DFD /* TrickleTests */ = {
			isa = PBXGroup;
			children = (
				AB2D2BA52BFC4E5400F03DFD /* TrickleTests.swift */,
				ABBF52A42C68ADBD0076329D /* BucketTests.swift */,
			);
			path = TrickleTests;
			sourceTree = "<group>";
		};
		AB72A21C2CA1132500693D37 /* controller */ = {
			isa = PBXGroup;
			children = (
				AB72A21B2CA1132500693D37 /* PlayerController.swift */,
			);
			path = controller;
			sourceTree = "<group>";
		};
		AB72A21E2CA1132500693D37 /* view */ = {
			isa = PBXGroup;
			children = (
				AB72A21D2CA1132500693D37 /* VideoPlayer.swift */,
			);
			path = view;
			sourceTree = "<group>";
		};
		AB72A21F2CA1132500693D37 /* VideoPlayer */ = {
			isa = PBXGroup;
			children = (
				AB72A2232CA1135000693D37 /* PlayerView.swift */,
				AB72A21C2CA1132500693D37 /* controller */,
				AB72A21E2CA1132500693D37 /* view */,
			);
			path = VideoPlayer;
			sourceTree = "<group>";
		};
		AB78A47A2C39CBC0007C4787 /* Frameworks */ = {
			isa = PBXGroup;
			children = (
				AB78A47B2C39CBC0007C4787 /* WidgetKit.framework */,
				AB78A47D2C39CBC0007C4787 /* SwiftUI.framework */,
			);
			name = Frameworks;
			sourceTree = "<group>";
		};
		AB78A47F2C39CBC0007C4787 /* TrickleWidget */ = {
			isa = PBXGroup;
			children = (
				AB78A4802C39CBC0007C4787 /* TrickleWidgetBundle.swift */,
				AB78A4842C39CBC0007C4787 /* TrickleWidget.swift */,
				AB78A4882C39CBC2007C4787 /* Assets.xcassets */,
				AB78A48A2C39CBC2007C4787 /* Info.plist */,
			);
			path = TrickleWidget;
			sourceTree = "<group>";
		};
		AB78A4C02C5DD5A3007C4787 /* AddApplePayTransactionShortcut */ = {
			isa = PBXGroup;
			children = (
				AB78A4CF2C5DE33F007C4787 /* AddApplePayTransactionShortcut.entitlements */,
				AB78A4C12C5DD5A3007C4787 /* AddApplePayTransactionShortcutExtension.swift */,
				AB78A4C32C5DD5A3007C4787 /* AddApplePayTransactionShortcut.swift */,
				AB78A4C52C5DD5A3007C4787 /* Info.plist */,
			);
			path = AddApplePayTransactionShortcut;
			sourceTree = "<group>";
		};
		ABD4976E2C649BB300707842 /* CalculatorKeyboard */ = {
			isa = PBXGroup;
			children = (
				ABD497712C649D9400707842 /* CustomTFKeyboard.swift */,
				ABD497732C64AF6F00707842 /* CalculatorKeyboard.swift */,
			);
			path = CalculatorKeyboard;
			sourceTree = "<group>";
		};
/* End PBXGroup section */

/* Begin PBXNativeTarget section */
		AB2D2B902BFC4E5200F03DFD /* Trickle */ = {
			isa = PBXNativeTarget;
			buildConfigurationList = AB2D2BB52BFC4E5400F03DFD /* Build configuration list for PBXNativeTarget "Trickle" */;
			buildPhases = (
				AB2D2B8D2BFC4E5200F03DFD /* Sources */,
				AB2D2B8E2BFC4E5200F03DFD /* Frameworks */,
				AB2D2B8F2BFC4E5200F03DFD /* Resources */,
				AB78A4912C39CBC2007C4787 /* Embed Foundation Extensions */,
				AB78A4C92C5DD5A3007C4787 /* Embed ExtensionKit Extensions */,
			);
			buildRules = (
			);
			dependencies = (
				AB78A48C2C39CBC2007C4787 /* PBXTargetDependency */,
				AB78A4C72C5DD5A3007C4787 /* PBXTargetDependency */,
			);
			name = Trickle;
			packageProductDependencies = (
				ABB5252E2C62B98E00A52574 /* Oklab */,
			);
			productName = Trickle;
			productReference = AB2D2B912BFC4E5200F03DFD /* Trickle.app */;
			productType = "com.apple.product-type.application";
		};
		AB2D2BA02BFC4E5400F03DFD /* TrickleTests */ = {
			isa = PBXNativeTarget;
			buildConfigurationList = AB2D2BB82BFC4E5400F03DFD /* Build configuration list for PBXNativeTarget "TrickleTests" */;
			buildPhases = (
				AB2D2B9D2BFC4E5400F03DFD /* Sources */,
				AB2D2B9E2BFC4E5400F03DFD /* Frameworks */,
				AB2D2B9F2BFC4E5400F03DFD /* Resources */,
			);
			buildRules = (
			);
			dependencies = (
				AB2D2BA32BFC4E5400F03DFD /* PBXTargetDependency */,
			);
			name = TrickleTests;
			packageProductDependencies = (
			);
			productName = TrickleTests;
			productReference = AB2D2BA12BFC4E5400F03DFD /* TrickleTests.xctest */;
			productType = "com.apple.product-type.bundle.unit-test";
		};
		AB78A4782C39CBC0007C4787 /* TrickleWidgetExtension */ = {
			isa = PBXNativeTarget;
			buildConfigurationList = AB78A48E2C39CBC2007C4787 /* Build configuration list for PBXNativeTarget "TrickleWidgetExtension" */;
			buildPhases = (
				AB78A4752C39CBC0007C4787 /* Sources */,
				AB78A4762C39CBC0007C4787 /* Frameworks */,
				AB78A4772C39CBC0007C4787 /* Resources */,
			);
			buildRules = (
			);
			dependencies = (
			);
			name = TrickleWidgetExtension;
			packageProductDependencies = (
				ABB525302C62B99700A52574 /* Oklab */,
			);
			productName = TrickleWidgetExtension;
			productReference = AB78A4792C39CBC0007C4787 /* TrickleWidgetExtension.appex */;
			productType = "com.apple.product-type.app-extension";
		};
		AB78A4BE2C5DD5A3007C4787 /* AddApplePayTransactionShortcut */ = {
			isa = PBXNativeTarget;
			buildConfigurationList = AB78A4CC2C5DD5A3007C4787 /* Build configuration list for PBXNativeTarget "AddApplePayTransactionShortcut" */;
			buildPhases = (
				AB78A4BB2C5DD5A3007C4787 /* Sources */,
				AB78A4BC2C5DD5A3007C4787 /* Frameworks */,
				AB78A4BD2C5DD5A3007C4787 /* Resources */,
			);
			buildRules = (
			);
			dependencies = (
			);
			name = AddApplePayTransactionShortcut;
			packageProductDependencies = (
				ABB525322C62B99C00A52574 /* Oklab */,
			);
			productName = AddApplePayTransactionShortcut;
			productReference = AB78A4BF2C5DD5A3007C4787 /* AddApplePayTransactionShortcut.appex */;
			productType = "com.apple.product-type.extensionkit-extension";
		};
/* End PBXNativeTarget section */

/* Begin PBXProject section */
		AB2D2B892BFC4E5200F03DFD /* Project object */ = {
			isa = PBXProject;
			attributes = {
				BuildIndependentTargetsInParallel = 1;
				LastSwiftUpdateCheck = 1540;
				LastUpgradeCheck = 1540;
				TargetAttributes = {
					AB2D2B902BFC4E5200F03DFD = {
						CreatedOnToolsVersion = 15.4;
					};
					AB2D2BA02BFC4E5400F03DFD = {
						CreatedOnToolsVersion = 15.4;
						TestTargetID = AB2D2B902BFC4E5200F03DFD;
					};
					AB78A4782C39CBC0007C4787 = {
						CreatedOnToolsVersion = 15.4;
					};
					AB78A4BE2C5DD5A3007C4787 = {
						CreatedOnToolsVersion = 15.4;
					};
				};
			};
			buildConfigurationList = AB2D2B8C2BFC4E5200F03DFD /* Build configuration list for PBXProject "Trickle" */;
			compatibilityVersion = "Xcode 14.0";
			developmentRegion = en;
			hasScannedForEncodings = 0;
			knownRegions = (
				en,
				Base,
			);
			mainGroup = AB2D2B882BFC4E5200F03DFD;
			packageReferences = (
				AB2D2BBE2BFD986E00F03DFD /* XCRemoteSwiftPackageReference "plaid-link-ios" */,
				ABB5252D2C62B98E00A52574 /* XCRemoteSwiftPackageReference "Oklab" */,
			);
			productRefGroup = AB2D2B922BFC4E5200F03DFD /* Products */;
			projectDirPath = "";
			projectRoot = "";
			targets = (
				AB2D2B902BFC4E5200F03DFD /* Trickle */,
				AB2D2BA02BFC4E5400F03DFD /* TrickleTests */,
				AB78A4782C39CBC0007C4787 /* TrickleWidgetExtension */,
				AB78A4BE2C5DD5A3007C4787 /* AddApplePayTransactionShortcut */,
			);
		};
/* End PBXProject section */

/* Begin PBXResourcesBuildPhase section */
		AB2D2B8F2BFC4E5200F03DFD /* Resources */ = {
			isa = PBXResourcesBuildPhase;
			buildActionMask = 2147483647;
			files = (
				AB2D2B9C2BFC4E5300F03DFD /* Preview Assets.xcassets in Resources */,
				AB72A2272CA12DB000693D37 /* add-home-screen-widget.mp4 in Resources */,
				AB72A2312CA13B7000693D37 /* add-lock-screen-widget.mp4 in Resources */,
				AB2D2B992BFC4E5300F03DFD /* Assets.xcassets in Resources */,
			);
			runOnlyForDeploymentPostprocessing = 0;
		};
		AB2D2B9F2BFC4E5400F03DFD /* Resources */ = {
			isa = PBXResourcesBuildPhase;
			buildActionMask = 2147483647;
			files = (
			);
			runOnlyForDeploymentPostprocessing = 0;
		};
		AB78A4772C39CBC0007C4787 /* Resources */ = {
			isa = PBXResourcesBuildPhase;
			buildActionMask = 2147483647;
			files = (
				AB78A4892C39CBC2007C4787 /* Assets.xcassets in Resources */,
			);
			runOnlyForDeploymentPostprocessing = 0;
		};
		AB78A4BD2C5DD5A3007C4787 /* Resources */ = {
			isa = PBXResourcesBuildPhase;
			buildActionMask = 2147483647;
			files = (
			);
			runOnlyForDeploymentPostprocessing = 0;
		};
/* End PBXResourcesBuildPhase section */

/* Begin PBXSourcesBuildPhase section */
		AB2D2B8D2BFC4E5200F03DFD /* Sources */ = {
			isa = PBXSourcesBuildPhase;
			buildActionMask = 2147483647;
			files = (
				AB1669332C5F03870048A993 /* SpendView.swift in Sources */,
				AB72A2162CA0FC4300693D37 /* Tutorial.swift in Sources */,
				AB78A4952C445787007C4787 /* Models.swift in Sources */,
				AB72A2202CA1132500693D37 /* PlayerController.swift in Sources */,
				AB72A2242CA1135000693D37 /* PlayerView.swift in Sources */,
				AB72A2212CA1132500693D37 /* VideoPlayer.swift in Sources */,
				ABAAAC492C6483C4008EB27B /* CircularBalanceView.swift in Sources */,
				ABBF52A02C68A4860076329D /* Utils.swift in Sources */,
				AB2D2B972BFC4E5200F03DFD /* ContentView.swift in Sources */,
				AB1669312C5F035B0048A993 /* CalendarStrip.swift in Sources */,
				ABD497672C6484E400707842 /* TrickleForeground.swift in Sources */,
				ABD497742C64AF6F00707842 /* CalculatorKeyboard.swift in Sources */,
				AB7B79282C602FFB003647EF /* Intro.swift in Sources */,
				ABD497652C6484BF00707842 /* TrickleBackground.swift in Sources */,
				ABD497722C649D9500707842 /* CustomTFKeyboard.swift in Sources */,
				AB2D2B952BFC4E5200F03DFD /* TrickleApp.swift in Sources */,
				ABB0D9D02C8A4CA100C23C0D /* BudgetAllocationView.swift in Sources */,
				AB2BE5B12C72CF3800578B18 /* BucketVIew.swift in Sources */,
				AB7B79262C6011FA003647EF /* Expression.swift in Sources */,
				AB2BE5B32C72E7BD00578B18 /* EditBucketView.swift in Sources */,
				ABD497692C64870900707842 /* SettingsView.swift in Sources */,
			);
			runOnlyForDeploymentPostprocessing = 0;
		};
		AB2D2B9D2BFC4E5400F03DFD /* Sources */ = {
			isa = PBXSourcesBuildPhase;
			buildActionMask = 2147483647;
			files = (
				AB2D2BA62BFC4E5400F03DFD /* TrickleTests.swift in Sources */,
				ABBF52A12C68A4860076329D /* Utils.swift in Sources */,
				ABBF52A52C68ADBD0076329D /* BucketTests.swift in Sources */,
			);
			runOnlyForDeploymentPostprocessing = 0;
		};
		AB78A4752C39CBC0007C4787 /* Sources */ = {
			isa = PBXSourcesBuildPhase;
			buildActionMask = 2147483647;
			files = (
				AB78A4852C39CBC0007C4787 /* TrickleWidget.swift in Sources */,
				AB78A4812C39CBC0007C4787 /* TrickleWidgetBundle.swift in Sources */,
				AB78A4962C445888007C4787 /* Models.swift in Sources */,
				ABBF52A22C68A4860076329D /* Utils.swift in Sources */,
			);
			runOnlyForDeploymentPostprocessing = 0;
		};
		AB78A4BB2C5DD5A3007C4787 /* Sources */ = {
			isa = PBXSourcesBuildPhase;
			buildActionMask = 2147483647;
			files = (
				AB78A4CD2C5DDC55007C4787 /* Models.swift in Sources */,
				AB78A4C42C5DD5A3007C4787 /* AddApplePayTransactionShortcut.swift in Sources */,
				AB78A4C22C5DD5A3007C4787 /* AddApplePayTransactionShortcutExtension.swift in Sources */,
				ABBF52A32C68A4860076329D /* Utils.swift in Sources */,
			);
			runOnlyForDeploymentPostprocessing = 0;
		};
/* End PBXSourcesBuildPhase section */

/* Begin PBXTargetDependency section */
		AB2D2BA32BFC4E5400F03DFD /* PBXTargetDependency */ = {
			isa = PBXTargetDependency;
			target = AB2D2B902BFC4E5200F03DFD /* Trickle */;
			targetProxy = AB2D2BA22BFC4E5400F03DFD /* PBXContainerItemProxy */;
		};
		AB78A48C2C39CBC2007C4787 /* PBXTargetDependency */ = {
			isa = PBXTargetDependency;
			target = AB78A4782C39CBC0007C4787 /* TrickleWidgetExtension */;
			targetProxy = AB78A48B2C39CBC2007C4787 /* PBXContainerItemProxy */;
		};
		AB78A4C72C5DD5A3007C4787 /* PBXTargetDependency */ = {
			isa = PBXTargetDependency;
			target = AB78A4BE2C5DD5A3007C4787 /* AddApplePayTransactionShortcut */;
			targetProxy = AB78A4C62C5DD5A3007C4787 /* PBXContainerItemProxy */;
		};
/* End PBXTargetDependency section */

/* Begin XCBuildConfiguration section */
		AB2D2BB32BFC4E5400F03DFD /* Debug */ = {
			isa = XCBuildConfiguration;
			buildSettings = {
				ALWAYS_SEARCH_USER_PATHS = NO;
				ASSETCATALOG_COMPILER_GENERATE_SWIFT_ASSET_SYMBOL_EXTENSIONS = YES;
				CLANG_ANALYZER_NONNULL = YES;
				CLANG_ANALYZER_NUMBER_OBJECT_CONVERSION = YES_AGGRESSIVE;
				CLANG_CXX_LANGUAGE_STANDARD = "gnu++20";
				CLANG_ENABLE_MODULES = YES;
				CLANG_ENABLE_OBJC_ARC = YES;
				CLANG_ENABLE_OBJC_WEAK = YES;
				CLANG_WARN_BLOCK_CAPTURE_AUTORELEASING = YES;
				CLANG_WARN_BOOL_CONVERSION = YES;
				CLANG_WARN_COMMA = YES;
				CLANG_WARN_CONSTANT_CONVERSION = YES;
				CLANG_WARN_DEPRECATED_OBJC_IMPLEMENTATIONS = YES;
				CLANG_WARN_DIRECT_OBJC_ISA_USAGE = YES_ERROR;
				CLANG_WARN_DOCUMENTATION_COMMENTS = YES;
				CLANG_WARN_EMPTY_BODY = YES;
				CLANG_WARN_ENUM_CONVERSION = YES;
				CLANG_WARN_INFINITE_RECURSION = YES;
				CLANG_WARN_INT_CONVERSION = YES;
				CLANG_WARN_NON_LITERAL_NULL_CONVERSION = YES;
				CLANG_WARN_OBJC_IMPLICIT_RETAIN_SELF = YES;
				CLANG_WARN_OBJC_LITERAL_CONVERSION = YES;
				CLANG_WARN_OBJC_ROOT_CLASS = YES_ERROR;
				CLANG_WARN_QUOTED_INCLUDE_IN_FRAMEWORK_HEADER = YES;
				CLANG_WARN_RANGE_LOOP_ANALYSIS = YES;
				CLANG_WARN_STRICT_PROTOTYPES = YES;
				CLANG_WARN_SUSPICIOUS_MOVE = YES;
				CLANG_WARN_UNGUARDED_AVAILABILITY = YES_AGGRESSIVE;
				CLANG_WARN_UNREACHABLE_CODE = YES;
				CLANG_WARN__DUPLICATE_METHOD_MATCH = YES;
				COPY_PHASE_STRIP = NO;
				DEBUG_INFORMATION_FORMAT = dwarf;
				ENABLE_STRICT_OBJC_MSGSEND = YES;
				ENABLE_TESTABILITY = YES;
				ENABLE_USER_SCRIPT_SANDBOXING = YES;
				GCC_C_LANGUAGE_STANDARD = gnu17;
				GCC_DYNAMIC_NO_PIC = NO;
				GCC_NO_COMMON_BLOCKS = YES;
				GCC_OPTIMIZATION_LEVEL = 0;
				GCC_PREPROCESSOR_DEFINITIONS = (
					"DEBUG=1",
					"$(inherited)",
				);
				GCC_WARN_64_TO_32_BIT_CONVERSION = YES;
				GCC_WARN_ABOUT_RETURN_TYPE = YES_ERROR;
				GCC_WARN_UNDECLARED_SELECTOR = YES;
				GCC_WARN_UNINITIALIZED_AUTOS = YES_AGGRESSIVE;
				GCC_WARN_UNUSED_FUNCTION = YES;
				GCC_WARN_UNUSED_VARIABLE = YES;
				IPHONEOS_DEPLOYMENT_TARGET = 15.1;
				LOCALIZATION_PREFERS_STRING_CATALOGS = YES;
				MTL_ENABLE_DEBUG_INFO = INCLUDE_SOURCE;
				MTL_FAST_MATH = YES;
				ONLY_ACTIVE_ARCH = YES;
				SDKROOT = iphoneos;
				SWIFT_ACTIVE_COMPILATION_CONDITIONS = "DEBUG $(inherited)";
				SWIFT_OPTIMIZATION_LEVEL = "-Onone";
			};
			name = Debug;
		};
		AB2D2BB42BFC4E5400F03DFD /* Release */ = {
			isa = XCBuildConfiguration;
			buildSettings = {
				ALWAYS_SEARCH_USER_PATHS = NO;
				ASSETCATALOG_COMPILER_GENERATE_SWIFT_ASSET_SYMBOL_EXTENSIONS = YES;
				CLANG_ANALYZER_NONNULL = YES;
				CLANG_ANALYZER_NUMBER_OBJECT_CONVERSION = YES_AGGRESSIVE;
				CLANG_CXX_LANGUAGE_STANDARD = "gnu++20";
				CLANG_ENABLE_MODULES = YES;
				CLANG_ENABLE_OBJC_ARC = YES;
				CLANG_ENABLE_OBJC_WEAK = YES;
				CLANG_WARN_BLOCK_CAPTURE_AUTORELEASING = YES;
				CLANG_WARN_BOOL_CONVERSION = YES;
				CLANG_WARN_COMMA = YES;
				CLANG_WARN_CONSTANT_CONVERSION = YES;
				CLANG_WARN_DEPRECATED_OBJC_IMPLEMENTATIONS = YES;
				CLANG_WARN_DIRECT_OBJC_ISA_USAGE = YES_ERROR;
				CLANG_WARN_DOCUMENTATION_COMMENTS = YES;
				CLANG_WARN_EMPTY_BODY = YES;
				CLANG_WARN_ENUM_CONVERSION = YES;
				CLANG_WARN_INFINITE_RECURSION = YES;
				CLANG_WARN_INT_CONVERSION = YES;
				CLANG_WARN_NON_LITERAL_NULL_CONVERSION = YES;
				CLANG_WARN_OBJC_IMPLICIT_RETAIN_SELF = YES;
				CLANG_WARN_OBJC_LITERAL_CONVERSION = YES;
				CLANG_WARN_OBJC_ROOT_CLASS = YES_ERROR;
				CLANG_WARN_QUOTED_INCLUDE_IN_FRAMEWORK_HEADER = YES;
				CLANG_WARN_RANGE_LOOP_ANALYSIS = YES;
				CLANG_WARN_STRICT_PROTOTYPES = YES;
				CLANG_WARN_SUSPICIOUS_MOVE = YES;
				CLANG_WARN_UNGUARDED_AVAILABILITY = YES_AGGRESSIVE;
				CLANG_WARN_UNREACHABLE_CODE = YES;
				CLANG_WARN__DUPLICATE_METHOD_MATCH = YES;
				COPY_PHASE_STRIP = NO;
				DEBUG_INFORMATION_FORMAT = "dwarf-with-dsym";
				ENABLE_NS_ASSERTIONS = NO;
				ENABLE_STRICT_OBJC_MSGSEND = YES;
				ENABLE_USER_SCRIPT_SANDBOXING = YES;
				GCC_C_LANGUAGE_STANDARD = gnu17;
				GCC_NO_COMMON_BLOCKS = YES;
				GCC_WARN_64_TO_32_BIT_CONVERSION = YES;
				GCC_WARN_ABOUT_RETURN_TYPE = YES_ERROR;
				GCC_WARN_UNDECLARED_SELECTOR = YES;
				GCC_WARN_UNINITIALIZED_AUTOS = YES_AGGRESSIVE;
				GCC_WARN_UNUSED_FUNCTION = YES;
				GCC_WARN_UNUSED_VARIABLE = YES;
				IPHONEOS_DEPLOYMENT_TARGET = 15.1;
				LOCALIZATION_PREFERS_STRING_CATALOGS = YES;
				MTL_ENABLE_DEBUG_INFO = NO;
				MTL_FAST_MATH = YES;
				SDKROOT = iphoneos;
				SWIFT_COMPILATION_MODE = wholemodule;
				VALIDATE_PRODUCT = YES;
			};
			name = Release;
		};
		AB2D2BB62BFC4E5400F03DFD /* Debug */ = {
			isa = XCBuildConfiguration;
			buildSettings = {
				ALWAYS_EMBED_SWIFT_STANDARD_LIBRARIES = YES;
				ASSETCATALOG_COMPILER_APPICON_NAME = AppIcon;
				ASSETCATALOG_COMPILER_GLOBAL_ACCENT_COLOR_NAME = AccentColor;
				CODE_SIGN_ENTITLEMENTS = Trickle/Trickle.entitlements;
				CODE_SIGN_STYLE = Automatic;
				CURRENT_PROJECT_VERSION = 1;
				DEVELOPMENT_ASSET_PATHS = "\"Trickle/Preview Content\"";
				DEVELOPMENT_TEAM = AF2CJ3G3ZU;
				ENABLE_PREVIEWS = YES;
				GENERATE_INFOPLIST_FILE = YES;
				INFOPLIST_FILE = Trickle/Info.plist;
				INFOPLIST_KEY_UIApplicationSceneManifest_Generation = YES;
				INFOPLIST_KEY_UIApplicationSupportsIndirectInputEvents = YES;
				INFOPLIST_KEY_UILaunchScreen_Generation = YES;
				INFOPLIST_KEY_UISupportedInterfaceOrientations_iPad = "UIInterfaceOrientationPortrait UIInterfaceOrientationPortraitUpsideDown UIInterfaceOrientationLandscapeLeft UIInterfaceOrientationLandscapeRight";
				INFOPLIST_KEY_UISupportedInterfaceOrientations_iPhone = "UIInterfaceOrientationPortrait UIInterfaceOrientationLandscapeLeft UIInterfaceOrientationLandscapeRight";
				LD_RUNPATH_SEARCH_PATHS = (
					"$(inherited)",
					"@executable_path/Frameworks",
				);
				MARKETING_VERSION = 0.0.18;
				PRODUCT_BUNDLE_IDENTIFIER = pizza.not.Trickle;
				PRODUCT_NAME = "$(TARGET_NAME)";
				SUPPORTED_PLATFORMS = "iphoneos iphonesimulator";
				SUPPORTS_MACCATALYST = NO;
				SUPPORTS_XR_DESIGNED_FOR_IPHONE_IPAD = NO;
				SWIFT_EMIT_LOC_STRINGS = YES;
				SWIFT_VERSION = 5.0;
				TARGETED_DEVICE_FAMILY = "1,2";
			};
			name = Debug;
		};
		AB2D2BB72BFC4E5400F03DFD /* Release */ = {
			isa = XCBuildConfiguration;
			buildSettings = {
				ALWAYS_EMBED_SWIFT_STANDARD_LIBRARIES = YES;
				ASSETCATALOG_COMPILER_APPICON_NAME = AppIcon;
				ASSETCATALOG_COMPILER_GLOBAL_ACCENT_COLOR_NAME = AccentColor;
				CODE_SIGN_ENTITLEMENTS = Trickle/Trickle.entitlements;
				CODE_SIGN_STYLE = Automatic;
				CURRENT_PROJECT_VERSION = 1;
				DEVELOPMENT_ASSET_PATHS = "\"Trickle/Preview Content\"";
				DEVELOPMENT_TEAM = AF2CJ3G3ZU;
				ENABLE_PREVIEWS = YES;
				GENERATE_INFOPLIST_FILE = YES;
				INFOPLIST_FILE = Trickle/Info.plist;
				INFOPLIST_KEY_UIApplicationSceneManifest_Generation = YES;
				INFOPLIST_KEY_UIApplicationSupportsIndirectInputEvents = YES;
				INFOPLIST_KEY_UILaunchScreen_Generation = YES;
				INFOPLIST_KEY_UISupportedInterfaceOrientations_iPad = "UIInterfaceOrientationPortrait UIInterfaceOrientationPortraitUpsideDown UIInterfaceOrientationLandscapeLeft UIInterfaceOrientationLandscapeRight";
				INFOPLIST_KEY_UISupportedInterfaceOrientations_iPhone = "UIInterfaceOrientationPortrait UIInterfaceOrientationLandscapeLeft UIInterfaceOrientationLandscapeRight";
				LD_RUNPATH_SEARCH_PATHS = (
					"$(inherited)",
					"@executable_path/Frameworks",
				);
				MARKETING_VERSION = 0.0.18;
				PRODUCT_BUNDLE_IDENTIFIER = pizza.not.Trickle;
				PRODUCT_NAME = "$(TARGET_NAME)";
				SUPPORTED_PLATFORMS = "iphoneos iphonesimulator";
				SUPPORTS_MACCATALYST = NO;
				SUPPORTS_XR_DESIGNED_FOR_IPHONE_IPAD = NO;
				SWIFT_EMIT_LOC_STRINGS = YES;
				SWIFT_VERSION = 5.0;
				TARGETED_DEVICE_FAMILY = "1,2";
			};
			name = Release;
		};
		AB2D2BB92BFC4E5400F03DFD /* Debug */ = {
			isa = XCBuildConfiguration;
			buildSettings = {
				ALWAYS_EMBED_SWIFT_STANDARD_LIBRARIES = YES;
				BUNDLE_LOADER = "$(TEST_HOST)";
				CODE_SIGN_STYLE = Automatic;
				CURRENT_PROJECT_VERSION = 1;
				DEVELOPMENT_TEAM = AF2CJ3G3ZU;
				GENERATE_INFOPLIST_FILE = YES;
				IPHONEOS_DEPLOYMENT_TARGET = 17.5;
				MARKETING_VERSION = 1.0;
				PRODUCT_BUNDLE_IDENTIFIER = pizza.not.TrickleTests;
				PRODUCT_NAME = "$(TARGET_NAME)";
				SWIFT_EMIT_LOC_STRINGS = NO;
				SWIFT_VERSION = 5.0;
				TARGETED_DEVICE_FAMILY = "1,2";
				TEST_HOST = "$(BUILT_PRODUCTS_DIR)/Trickle.app/$(BUNDLE_EXECUTABLE_FOLDER_PATH)/Trickle";
			};
			name = Debug;
		};
		AB2D2BBA2BFC4E5400F03DFD /* Release */ = {
			isa = XCBuildConfiguration;
			buildSettings = {
				ALWAYS_EMBED_SWIFT_STANDARD_LIBRARIES = YES;
				BUNDLE_LOADER = "$(TEST_HOST)";
				CODE_SIGN_STYLE = Automatic;
				CURRENT_PROJECT_VERSION = 1;
				DEVELOPMENT_TEAM = AF2CJ3G3ZU;
				GENERATE_INFOPLIST_FILE = YES;
				IPHONEOS_DEPLOYMENT_TARGET = 17.5;
				MARKETING_VERSION = 1.0;
				PRODUCT_BUNDLE_IDENTIFIER = pizza.not.TrickleTests;
				PRODUCT_NAME = "$(TARGET_NAME)";
				SWIFT_EMIT_LOC_STRINGS = NO;
				SWIFT_VERSION = 5.0;
				TARGETED_DEVICE_FAMILY = "1,2";
				TEST_HOST = "$(BUILT_PRODUCTS_DIR)/Trickle.app/$(BUNDLE_EXECUTABLE_FOLDER_PATH)/Trickle";
			};
			name = Release;
		};
		AB78A48F2C39CBC2007C4787 /* Debug */ = {
			isa = XCBuildConfiguration;
			buildSettings = {
				ASSETCATALOG_COMPILER_GLOBAL_ACCENT_COLOR_NAME = AccentColor;
				ASSETCATALOG_COMPILER_WIDGET_BACKGROUND_COLOR_NAME = WidgetBackground;
				CODE_SIGN_ENTITLEMENTS = TrickleWidgetExtension.entitlements;
				CODE_SIGN_STYLE = Automatic;
				CURRENT_PROJECT_VERSION = 1;
				DEVELOPMENT_TEAM = AF2CJ3G3ZU;
				GENERATE_INFOPLIST_FILE = YES;
				INFOPLIST_FILE = TrickleWidget/Info.plist;
				INFOPLIST_KEY_CFBundleDisplayName = TrickleWidget;
				INFOPLIST_KEY_NSHumanReadableCopyright = "";
				IPHONEOS_DEPLOYMENT_TARGET = 15.0;
				LD_RUNPATH_SEARCH_PATHS = (
					"$(inherited)",
					"@executable_path/Frameworks",
					"@executable_path/../../Frameworks",
				);
				MARKETING_VERSION = 1.0;
				PRODUCT_BUNDLE_IDENTIFIER = pizza.not.Trickle.TrickleWidget;
				PRODUCT_NAME = "$(TARGET_NAME)";
				SKIP_INSTALL = YES;
				SWIFT_EMIT_LOC_STRINGS = YES;
				SWIFT_VERSION = 5.0;
				TARGETED_DEVICE_FAMILY = "1,2";
			};
			name = Debug;
		};
		AB78A4902C39CBC2007C4787 /* Release */ = {
			isa = XCBuildConfiguration;
			buildSettings = {
				ASSETCATALOG_COMPILER_GLOBAL_ACCENT_COLOR_NAME = AccentColor;
				ASSETCATALOG_COMPILER_WIDGET_BACKGROUND_COLOR_NAME = WidgetBackground;
				CODE_SIGN_ENTITLEMENTS = TrickleWidgetExtension.entitlements;
				CODE_SIGN_STYLE = Automatic;
				CURRENT_PROJECT_VERSION = 1;
				DEVELOPMENT_TEAM = AF2CJ3G3ZU;
				GENERATE_INFOPLIST_FILE = YES;
				INFOPLIST_FILE = TrickleWidget/Info.plist;
				INFOPLIST_KEY_CFBundleDisplayName = TrickleWidget;
				INFOPLIST_KEY_NSHumanReadableCopyright = "";
				IPHONEOS_DEPLOYMENT_TARGET = 15.0;
				LD_RUNPATH_SEARCH_PATHS = (
					"$(inherited)",
					"@executable_path/Frameworks",
					"@executable_path/../../Frameworks",
				);
				MARKETING_VERSION = 1.0;
				PRODUCT_BUNDLE_IDENTIFIER = pizza.not.Trickle.TrickleWidget;
				PRODUCT_NAME = "$(TARGET_NAME)";
				SKIP_INSTALL = YES;
				SWIFT_EMIT_LOC_STRINGS = YES;
				SWIFT_VERSION = 5.0;
				TARGETED_DEVICE_FAMILY = "1,2";
			};
			name = Release;
		};
		AB78A4CA2C5DD5A3007C4787 /* Debug */ = {
			isa = XCBuildConfiguration;
			buildSettings = {
				CODE_SIGN_ENTITLEMENTS = AddApplePayTransactionShortcut/AddApplePayTransactionShortcut.entitlements;
				CODE_SIGN_STYLE = Automatic;
				CURRENT_PROJECT_VERSION = 1;
				DEVELOPMENT_TEAM = AF2CJ3G3ZU;
				GENERATE_INFOPLIST_FILE = YES;
				INFOPLIST_FILE = AddApplePayTransactionShortcut/Info.plist;
				INFOPLIST_KEY_CFBundleDisplayName = AddApplePayTransactionShortcut;
				INFOPLIST_KEY_NSHumanReadableCopyright = "";
				IPHONEOS_DEPLOYMENT_TARGET = 17.0;
				LD_RUNPATH_SEARCH_PATHS = (
					"$(inherited)",
					"@executable_path/Frameworks",
					"@executable_path/../../Frameworks",
				);
				MARKETING_VERSION = 1.0;
				PRODUCT_BUNDLE_IDENTIFIER = pizza.not.Trickle.AddApplePayTransactionShortcut;
				PRODUCT_NAME = "$(TARGET_NAME)";
				SKIP_INSTALL = YES;
				SWIFT_EMIT_LOC_STRINGS = YES;
				SWIFT_VERSION = 5.0;
				TARGETED_DEVICE_FAMILY = "1,2";
			};
			name = Debug;
		};
		AB78A4CB2C5DD5A3007C4787 /* Release */ = {
			isa = XCBuildConfiguration;
			buildSettings = {
				CODE_SIGN_ENTITLEMENTS = AddApplePayTransactionShortcut/AddApplePayTransactionShortcut.entitlements;
				CODE_SIGN_STYLE = Automatic;
				CURRENT_PROJECT_VERSION = 1;
				DEVELOPMENT_TEAM = AF2CJ3G3ZU;
				GENERATE_INFOPLIST_FILE = YES;
				INFOPLIST_FILE = AddApplePayTransactionShortcut/Info.plist;
				INFOPLIST_KEY_CFBundleDisplayName = AddApplePayTransactionShortcut;
				INFOPLIST_KEY_NSHumanReadableCopyright = "";
				IPHONEOS_DEPLOYMENT_TARGET = 17.0;
				LD_RUNPATH_SEARCH_PATHS = (
					"$(inherited)",
					"@executable_path/Frameworks",
					"@executable_path/../../Frameworks",
				);
				MARKETING_VERSION = 1.0;
				PRODUCT_BUNDLE_IDENTIFIER = pizza.not.Trickle.AddApplePayTransactionShortcut;
				PRODUCT_NAME = "$(TARGET_NAME)";
				SKIP_INSTALL = YES;
				SWIFT_EMIT_LOC_STRINGS = YES;
				SWIFT_VERSION = 5.0;
				TARGETED_DEVICE_FAMILY = "1,2";
			};
			name = Release;
		};
/* End XCBuildConfiguration section */

/* Begin XCConfigurationList section */
		AB2D2B8C2BFC4E5200F03DFD /* Build configuration list for PBXProject "Trickle" */ = {
			isa = XCConfigurationList;
			buildConfigurations = (
				AB2D2BB32BFC4E5400F03DFD /* Debug */,
				AB2D2BB42BFC4E5400F03DFD /* Release */,
			);
			defaultConfigurationIsVisible = 0;
			defaultConfigurationName = Release;
		};
		AB2D2BB52BFC4E5400F03DFD /* Build configuration list for PBXNativeTarget "Trickle" */ = {
			isa = XCConfigurationList;
			buildConfigurations = (
				AB2D2BB62BFC4E5400F03DFD /* Debug */,
				AB2D2BB72BFC4E5400F03DFD /* Release */,
			);
			defaultConfigurationIsVisible = 0;
			defaultConfigurationName = Release;
		};
		AB2D2BB82BFC4E5400F03DFD /* Build configuration list for PBXNativeTarget "TrickleTests" */ = {
			isa = XCConfigurationList;
			buildConfigurations = (
				AB2D2BB92BFC4E5400F03DFD /* Debug */,
				AB2D2BBA2BFC4E5400F03DFD /* Release */,
			);
			defaultConfigurationIsVisible = 0;
			defaultConfigurationName = Release;
		};
		AB78A48E2C39CBC2007C4787 /* Build configuration list for PBXNativeTarget "TrickleWidgetExtension" */ = {
			isa = XCConfigurationList;
			buildConfigurations = (
				AB78A48F2C39CBC2007C4787 /* Debug */,
				AB78A4902C39CBC2007C4787 /* Release */,
			);
			defaultConfigurationIsVisible = 0;
			defaultConfigurationName = Release;
		};
		AB78A4CC2C5DD5A3007C4787 /* Build configuration list for PBXNativeTarget "AddApplePayTransactionShortcut" */ = {
			isa = XCConfigurationList;
			buildConfigurations = (
				AB78A4CA2C5DD5A3007C4787 /* Debug */,
				AB78A4CB2C5DD5A3007C4787 /* Release */,
			);
			defaultConfigurationIsVisible = 0;
			defaultConfigurationName = Release;
		};
/* End XCConfigurationList section */

/* Begin XCRemoteSwiftPackageReference section */
		AB2D2BBE2BFD986E00F03DFD /* XCRemoteSwiftPackageReference "plaid-link-ios" */ = {
			isa = XCRemoteSwiftPackageReference;
			repositoryURL = "https://github.com/plaid/plaid-link-ios";
			requirement = {
				kind = upToNextMajorVersion;
				minimumVersion = 5.5.0;
			};
		};
		ABB5252D2C62B98E00A52574 /* XCRemoteSwiftPackageReference "Oklab" */ = {
			isa = XCRemoteSwiftPackageReference;
			repositoryURL = "https://github.com/importRyan/Oklab.git";
			requirement = {
				kind = upToNextMajorVersion;
				minimumVersion = 1.1.2;
			};
		};
/* End XCRemoteSwiftPackageReference section */

/* Begin XCSwiftPackageProductDependency section */
		ABB5252E2C62B98E00A52574 /* Oklab */ = {
			isa = XCSwiftPackageProductDependency;
			package = ABB5252D2C62B98E00A52574 /* XCRemoteSwiftPackageReference "Oklab" */;
			productName = Oklab;
		};
		ABB525302C62B99700A52574 /* Oklab */ = {
			isa = XCSwiftPackageProductDependency;
			package = ABB5252D2C62B98E00A52574 /* XCRemoteSwiftPackageReference "Oklab" */;
			productName = Oklab;
		};
		ABB525322C62B99C00A52574 /* Oklab */ = {
			isa = XCSwiftPackageProductDependency;
			package = ABB5252D2C62B98E00A52574 /* XCRemoteSwiftPackageReference "Oklab" */;
			productName = Oklab;
		};
/* End XCSwiftPackageProductDependency section */
	};
	rootObject = AB2D2B892BFC4E5200F03DFD /* Project object */;
}
