{
  "originHash" : "504a68837e5809de78d40418c5bd097114a0ae5cb53b5a40cc3d33ff07b0da6d",
  "pins" : [
    {
      "identity" : "plaid-link-ios",
      "kind" : "remoteSourceControl",
      "location" : "https://github.com/plaid/plaid-link-ios",
      "state" : {
        "revision" : "296a3c21b1b8561ee3a9f859a3c8194043c843d0",
        "version" : "5.6.0"
      }
    }
  ],
  "version" : 3
}
